
Microsoft Visual Studio Solution File, Format Version 12.00
Project("{FAE04EC0-301F-11D3-BF4B-00C04F79EFBC}") = "BearsWalkingSticks", "BearsWalkingSticks\BearsWalkingSticks.csproj", "{4B51D6AD-C7C0-4FC4-90DF-795B8DFB872C}"
EndProject
Project("{FAE04EC0-301F-11D3-BF4B-00C04F79EFBC}") = "CakeBuild", "CakeBuild\CakeBuild.csproj", "{A99914F6-3EB7-49C4-A48C-B81CE3E305F0}"
EndProject
Global
	GlobalSection(SolutionConfigurationPlatforms) = preSolution
		Debug|Any CPU = Debug|Any CPU
		Release|Any CPU = Release|Any CPU
	EndGlobalSection
	GlobalSection(ProjectConfigurationPlatforms) = postSolution
		{4B51D6AD-C7C0-4FC4-90DF-795B8DFB872C}.Debug|Any CPU.ActiveCfg = Debug|Any CPU
		{4B51D6AD-C7C0-4FC4-90DF-795B8DFB872C}.Debug|Any CPU.Build.0 = Debug|Any CPU
		{4B51D6AD-C7C0-4FC4-90DF-795B8DFB872C}.Release|Any CPU.ActiveCfg = Release|Any CPU
		{4B51D6AD-C7C0-4FC4-90DF-795B8DFB872C}.Release|Any CPU.Build.0 = Release|Any CPU
		{A99914F6-3EB7-49C4-A48C-B81CE3E305F0}.Debug|Any CPU.ActiveCfg = Debug|Any CPU
		{A99914F6-3EB7-49C4-A48C-B81CE3E305F0}.Debug|Any CPU.Build.0 = Debug|Any CPU
		{A99914F6-3EB7-49C4-A48C-B81CE3E305F0}.Release|Any CPU.ActiveCfg = Release|Any CPU
		{A99914F6-3EB7-49C4-A48C-B81CE3E305F0}.Release|Any CPU.Build.0 = Release|Any CPU
	EndGlobalSection
EndGlobal
